
Microsoft Visual Studio Solution File, Format Version 12.00
# Visual Studio Version 17
VisualStudioVersion = 17.1.32328.378
MinimumVisualStudioVersion = 10.0.40219.1
Project("{9A19103F-16F7-4668-BE54-9A1E7A4F7556}") = "DEVinBricks", "DEVinBricks\DEVinBricks.csproj", "{E26C586F-7210-4DE7-8380-6B4367B1BE3A}"
EndProject
Project("{9A19103F-16F7-4668-BE54-9A1E7A4F7556}") = "DEVinBricks.Teste", "DEVinBricks.Teste\DEVinBricks.Teste.csproj", "{8A4B9E2B-75CE-4D9A-B1C5-0BE1FAE35062}"
EndProject
Project("{FAE04EC0-301F-11D3-BF4B-00C04F79EFBC}") = "WorkerEmail", "WorkerEmail\WorkerEmail.csproj", "{E9B6A81A-E5E7-43BE-9138-54456A20F2F4}"
	ProjectSection(ProjectDependencies) = postProject
		{E26C586F-7210-4DE7-8380-6B4367B1BE3A} = {E26C586F-7210-4DE7-8380-6B4367B1BE3A}
	EndProjectSection
EndProject
Global
	GlobalSection(SolutionConfigurationPlatforms) = preSolution
		Debug|Any CPU = Debug|Any CPU
		Release|Any CPU = Release|Any CPU
	EndGlobalSection
	GlobalSection(ProjectConfigurationPlatforms) = postSolution
		{E26C586F-7210-4DE7-8380-6B4367B1BE3A}.Debug|Any CPU.ActiveCfg = Debug|Any CPU
		{E26C586F-7210-4DE7-8380-6B4367B1BE3A}.Debug|Any CPU.Build.0 = Debug|Any CPU
		{E26C586F-7210-4DE7-8380-6B4367B1BE3A}.Release|Any CPU.ActiveCfg = Release|Any CPU
		{E26C586F-7210-4DE7-8380-6B4367B1BE3A}.Release|Any CPU.Build.0 = Release|Any CPU
		{8A4B9E2B-75CE-4D9A-B1C5-0BE1FAE35062}.Debug|Any CPU.ActiveCfg = Debug|Any CPU
		{8A4B9E2B-75CE-4D9A-B1C5-0BE1FAE35062}.Debug|Any CPU.Build.0 = Debug|Any CPU
		{8A4B9E2B-75CE-4D9A-B1C5-0BE1FAE35062}.Release|Any CPU.ActiveCfg = Release|Any CPU
		{8A4B9E2B-75CE-4D9A-B1C5-0BE1FAE35062}.Release|Any CPU.Build.0 = Release|Any CPU
		{E9B6A81A-E5E7-43BE-9138-54456A20F2F4}.Debug|Any CPU.ActiveCfg = Debug|Any CPU
		{E9B6A81A-E5E7-43BE-9138-54456A20F2F4}.Debug|Any CPU.Build.0 = Debug|Any CPU
		{E9B6A81A-E5E7-43BE-9138-54456A20F2F4}.Release|Any CPU.ActiveCfg = Release|Any CPU
		{E9B6A81A-E5E7-43BE-9138-54456A20F2F4}.Release|Any CPU.Build.0 = Release|Any CPU
	EndGlobalSection
	GlobalSection(SolutionProperties) = preSolution
		HideSolutionNode = FALSE
	EndGlobalSection
	GlobalSection(ExtensibilityGlobals) = postSolution
		SolutionGuid = {561F9483-6807-476E-A252-C0DC130EED40}
	EndGlobalSection
EndGlobal
