
Microsoft Visual Studio Solution File, Format Version 12.00
# Visual Studio Version 16
VisualStudioVersion = 16.0.30114.105
MinimumVisualStudioVersion = 10.0.40219.1
Project("{FAE04EC0-301F-11D3-BF4B-00C04F79EFBC}") = "DEVinBricks", "DEVinBricks\DEVinBricks.csproj", "{BB02F50B-1B5D-47E6-ABCB-C54FDA875C4E}"
EndProject
Global
	GlobalSection(SolutionConfigurationPlatforms) = preSolution
		Debug|Any CPU = Debug|Any CPU
		Release|Any CPU = Release|Any CPU
	EndGlobalSection
	GlobalSection(SolutionProperties) = preSolution
		HideSolutionNode = FALSE
	EndGlobalSection
	GlobalSection(ProjectConfigurationPlatforms) = postSolution
		{BB02F50B-1B5D-47E6-ABCB-C54FDA875C4E}.Debug|Any CPU.ActiveCfg = Debug|Any CPU
		{BB02F50B-1B5D-47E6-ABCB-C54FDA875C4E}.Debug|Any CPU.Build.0 = Debug|Any CPU
		{BB02F50B-1B5D-47E6-ABCB-C54FDA875C4E}.Release|Any CPU.ActiveCfg = Release|Any CPU
		{BB02F50B-1B5D-47E6-ABCB-C54FDA875C4E}.Release|Any CPU.Build.0 = Release|Any CPU
	EndGlobalSection
EndGlobal
